
Microsoft Visual Studio Solution File, Format Version 12.00
# Visual Studio Version 17
VisualStudioVersion = 17.5.33103.201
MinimumVisualStudioVersion = 10.0.40219.1
Project("{9A19103F-16F7-4668-BE54-9A1E7A4F7556}") = "MatrixDisplay", "MatrixDisplay\MatrixDisplay.csproj", "{87A2D6AA-7CAE-4263-9326-7FF0466EB096}"
EndProject
Project("{9A19103F-16F7-4668-BE54-9A1E7A4F7556}") = "MatrixDisplay.Abstractions", "MatrixDisplay.Abstractions\MatrixDisplay.Abstractions.csproj", "{139148DF-6320-4977-AAD2-E9CA91B6FA17}"
EndProject
Project("{9A19103F-16F7-4668-BE54-9A1E7A4F7556}") = "MatrixDisplay.Test", "MatrixDisplay.Test\MatrixDisplay.Test.csproj", "{D350F58F-CBEA-44CC-97B3-8F0DA339DEA1}"
EndProject
Project("{9A19103F-16F7-4668-BE54-9A1E7A4F7556}") = "MatrixDisplay.Emulator", "MatrixDisplay.Emulator\MatrixDisplay.Emulator.csproj", "{3B582B20-2728-4FB0-A4D7-E14DB0EDBF7B}"
EndProject
Project("{9A19103F-16F7-4668-BE54-9A1E7A4F7556}") = "MatrixDisplay.Board", "MatrixDisplay.Board\MatrixDisplay.Board.csproj", "{FF01EA32-5F85-4A16-948A-9AFFA94E81AB}"
EndProject
Project("{9A19103F-16F7-4668-BE54-9A1E7A4F7556}") = "MatrixDisplay.ColorGenerator", "MatrixDisplay.ColorGenerator\MatrixDisplay.ColorGenerator.csproj", "{0C9F3D36-7ECB-4A8E-87E2-96CB1776FDD3}"
EndProject
Project("{2150E333-8FDC-42A3-9474-1A3956D46DE8}") = "apps", "apps", "{391ACB75-5F3D-4C48-AD34-11D22707DAA0}"
EndProject
Project("{9A19103F-16F7-4668-BE54-9A1E7A4F7556}") = "MatrixDisplay.Apps.ColorCircle", "apps\MatrixDisplay.Apps.ColorCircle\MatrixDisplay.Apps.ColorCircle.csproj", "{169C72E6-ABE7-40E6-854E-BC6F1C2E2838}"
EndProject
Project("{9A19103F-16F7-4668-BE54-9A1E7A4F7556}") = "MatrixDisplay.Apps.Clock", "apps\MatrixDisplay.Apps.Clock\MatrixDisplay.Apps.Clock.csproj", "{CDD01666-5699-4EA3-B423-8FA17C8D09E6}"
EndProject
Project("{9A19103F-16F7-4668-BE54-9A1E7A4F7556}") = "MatrixDisplay.Apps.Firework", "apps\MatrixDisplay.Apps.Firework\MatrixDisplay.Apps.Firework.csproj", "{9C21474F-D790-4800-AE00-A6BDD6B21819}"
EndProject
Project("{9A19103F-16F7-4668-BE54-9A1E7A4F7556}") = "MatrixDisplay.Apps.PingPong", "apps\MatrixDisplay.Apps.PingPong\MatrixDisplay.Apps.PingPong.csproj", "{F018202B-A29B-4C26-8954-91BF4C3D549F}"
EndProject
Project("{FAE04EC0-301F-11D3-BF4B-00C04F79EFBC}") = "MatrixDisplay.Apps.Snake", "apps\MatrixDisplay.Apps.Snake\MatrixDisplay.Apps.Snake.csproj", "{849751FA-256B-4B7B-83B7-E68655277710}"
EndProject
Project("{FAE04EC0-301F-11D3-BF4B-00C04F79EFBC}") = "MatrixDisplay.Apps.SuperMario", "apps\MatrixDisplay.Apps.SuperMario\MatrixDisplay.Apps.SuperMario.csproj", "{1E9DD8C4-C56E-4444-B56E-003AEFF7C31F}"
EndProject
Project("{FAE04EC0-301F-11D3-BF4B-00C04F79EFBC}") = "MatrixDisplay.Apps.TicTacToe", "apps\MatrixDisplay.Apps.TicTacToe\MatrixDisplay.Apps.TicTacToe.csproj", "{18A079B6-356A-4F14-94F2-9805BC1E1324}"
EndProject
Project("{FAE04EC0-301F-11D3-BF4B-00C04F79EFBC}") = "MatrixDisplay.Apps.Tetris", "src\MatrixDisplay.Apps.Tetris\MatrixDisplay.Apps.Tetris.csproj", "{93CFC8B1-D2C9-40ED-B70A-6D4D5E83BFC1}"
EndProject
Global
	GlobalSection(SolutionConfigurationPlatforms) = preSolution
		Debug|Any CPU = Debug|Any CPU
		Release|Any CPU = Release|Any CPU
	EndGlobalSection
	GlobalSection(ProjectConfigurationPlatforms) = postSolution
		{87A2D6AA-7CAE-4263-9326-7FF0466EB096}.Debug|Any CPU.ActiveCfg = Debug|Any CPU
		{87A2D6AA-7CAE-4263-9326-7FF0466EB096}.Debug|Any CPU.Build.0 = Debug|Any CPU
		{87A2D6AA-7CAE-4263-9326-7FF0466EB096}.Release|Any CPU.ActiveCfg = Release|Any CPU
		{87A2D6AA-7CAE-4263-9326-7FF0466EB096}.Release|Any CPU.Build.0 = Release|Any CPU
		{139148DF-6320-4977-AAD2-E9CA91B6FA17}.Debug|Any CPU.ActiveCfg = Debug|Any CPU
		{139148DF-6320-4977-AAD2-E9CA91B6FA17}.Debug|Any CPU.Build.0 = Debug|Any CPU
		{139148DF-6320-4977-AAD2-E9CA91B6FA17}.Release|Any CPU.ActiveCfg = Release|Any CPU
		{139148DF-6320-4977-AAD2-E9CA91B6FA17}.Release|Any CPU.Build.0 = Release|Any CPU
		{D350F58F-CBEA-44CC-97B3-8F0DA339DEA1}.Debug|Any CPU.ActiveCfg = Debug|Any CPU
		{D350F58F-CBEA-44CC-97B3-8F0DA339DEA1}.Debug|Any CPU.Build.0 = Debug|Any CPU
		{D350F58F-CBEA-44CC-97B3-8F0DA339DEA1}.Release|Any CPU.ActiveCfg = Release|Any CPU
		{D350F58F-CBEA-44CC-97B3-8F0DA339DEA1}.Release|Any CPU.Build.0 = Release|Any CPU
		{3B582B20-2728-4FB0-A4D7-E14DB0EDBF7B}.Debug|Any CPU.ActiveCfg = Debug|Any CPU
		{3B582B20-2728-4FB0-A4D7-E14DB0EDBF7B}.Debug|Any CPU.Build.0 = Debug|Any CPU
		{3B582B20-2728-4FB0-A4D7-E14DB0EDBF7B}.Release|Any CPU.ActiveCfg = Release|Any CPU
		{3B582B20-2728-4FB0-A4D7-E14DB0EDBF7B}.Release|Any CPU.Build.0 = Release|Any CPU
		{FF01EA32-5F85-4A16-948A-9AFFA94E81AB}.Debug|Any CPU.ActiveCfg = Debug|Any CPU
		{FF01EA32-5F85-4A16-948A-9AFFA94E81AB}.Debug|Any CPU.Build.0 = Debug|Any CPU
		{FF01EA32-5F85-4A16-948A-9AFFA94E81AB}.Release|Any CPU.ActiveCfg = Release|Any CPU
		{FF01EA32-5F85-4A16-948A-9AFFA94E81AB}.Release|Any CPU.Build.0 = Release|Any CPU
		{0C9F3D36-7ECB-4A8E-87E2-96CB1776FDD3}.Debug|Any CPU.ActiveCfg = Debug|Any CPU
		{0C9F3D36-7ECB-4A8E-87E2-96CB1776FDD3}.Debug|Any CPU.Build.0 = Debug|Any CPU
		{0C9F3D36-7ECB-4A8E-87E2-96CB1776FDD3}.Release|Any CPU.ActiveCfg = Release|Any CPU
		{0C9F3D36-7ECB-4A8E-87E2-96CB1776FDD3}.Release|Any CPU.Build.0 = Release|Any CPU
		{169C72E6-ABE7-40E6-854E-BC6F1C2E2838}.Debug|Any CPU.ActiveCfg = Debug|Any CPU
		{169C72E6-ABE7-40E6-854E-BC6F1C2E2838}.Debug|Any CPU.Build.0 = Debug|Any CPU
		{169C72E6-ABE7-40E6-854E-BC6F1C2E2838}.Release|Any CPU.ActiveCfg = Release|Any CPU
		{169C72E6-ABE7-40E6-854E-BC6F1C2E2838}.Release|Any CPU.Build.0 = Release|Any CPU
		{CDD01666-5699-4EA3-B423-8FA17C8D09E6}.Debug|Any CPU.ActiveCfg = Debug|Any CPU
		{CDD01666-5699-4EA3-B423-8FA17C8D09E6}.Debug|Any CPU.Build.0 = Debug|Any CPU
		{CDD01666-5699-4EA3-B423-8FA17C8D09E6}.Release|Any CPU.ActiveCfg = Release|Any CPU
		{CDD01666-5699-4EA3-B423-8FA17C8D09E6}.Release|Any CPU.Build.0 = Release|Any CPU
		{9C21474F-D790-4800-AE00-A6BDD6B21819}.Debug|Any CPU.ActiveCfg = Debug|Any CPU
		{9C21474F-D790-4800-AE00-A6BDD6B21819}.Debug|Any CPU.Build.0 = Debug|Any CPU
		{9C21474F-D790-4800-AE00-A6BDD6B21819}.Release|Any CPU.ActiveCfg = Release|Any CPU
		{9C21474F-D790-4800-AE00-A6BDD6B21819}.Release|Any CPU.Build.0 = Release|Any CPU
		{F018202B-A29B-4C26-8954-91BF4C3D549F}.Debug|Any CPU.ActiveCfg = Debug|Any CPU
		{F018202B-A29B-4C26-8954-91BF4C3D549F}.Debug|Any CPU.Build.0 = Debug|Any CPU
		{F018202B-A29B-4C26-8954-91BF4C3D549F}.Release|Any CPU.ActiveCfg = Release|Any CPU
		{F018202B-A29B-4C26-8954-91BF4C3D549F}.Release|Any CPU.Build.0 = Release|Any CPU
		{849751FA-256B-4B7B-83B7-E68655277710}.Debug|Any CPU.ActiveCfg = Debug|Any CPU
		{849751FA-256B-4B7B-83B7-E68655277710}.Debug|Any CPU.Build.0 = Debug|Any CPU
		{849751FA-256B-4B7B-83B7-E68655277710}.Release|Any CPU.ActiveCfg = Release|Any CPU
		{849751FA-256B-4B7B-83B7-E68655277710}.Release|Any CPU.Build.0 = Release|Any CPU
		{1E9DD8C4-C56E-4444-B56E-003AEFF7C31F}.Debug|Any CPU.ActiveCfg = Debug|Any CPU
		{1E9DD8C4-C56E-4444-B56E-003AEFF7C31F}.Debug|Any CPU.Build.0 = Debug|Any CPU
		{1E9DD8C4-C56E-4444-B56E-003AEFF7C31F}.Release|Any CPU.ActiveCfg = Release|Any CPU
		{1E9DD8C4-C56E-4444-B56E-003AEFF7C31F}.Release|Any CPU.Build.0 = Release|Any CPU
		{18A079B6-356A-4F14-94F2-9805BC1E1324}.Debug|Any CPU.ActiveCfg = Debug|Any CPU
		{18A079B6-356A-4F14-94F2-9805BC1E1324}.Debug|Any CPU.Build.0 = Debug|Any CPU
		{18A079B6-356A-4F14-94F2-9805BC1E1324}.Release|Any CPU.ActiveCfg = Release|Any CPU
		{18A079B6-356A-4F14-94F2-9805BC1E1324}.Release|Any CPU.Build.0 = Release|Any CPU
		{93CFC8B1-D2C9-40ED-B70A-6D4D5E83BFC1}.Debug|Any CPU.ActiveCfg = Debug|Any CPU
		{93CFC8B1-D2C9-40ED-B70A-6D4D5E83BFC1}.Debug|Any CPU.Build.0 = Debug|Any CPU
		{93CFC8B1-D2C9-40ED-B70A-6D4D5E83BFC1}.Release|Any CPU.ActiveCfg = Release|Any CPU
		{93CFC8B1-D2C9-40ED-B70A-6D4D5E83BFC1}.Release|Any CPU.Build.0 = Release|Any CPU
	EndGlobalSection
	GlobalSection(SolutionProperties) = preSolution
		HideSolutionNode = FALSE
	EndGlobalSection
	GlobalSection(NestedProjects) = preSolution
		{169C72E6-ABE7-40E6-854E-BC6F1C2E2838} = {391ACB75-5F3D-4C48-AD34-11D22707DAA0}
		{CDD01666-5699-4EA3-B423-8FA17C8D09E6} = {391ACB75-5F3D-4C48-AD34-11D22707DAA0}
		{9C21474F-D790-4800-AE00-A6BDD6B21819} = {391ACB75-5F3D-4C48-AD34-11D22707DAA0}
		{F018202B-A29B-4C26-8954-91BF4C3D549F} = {391ACB75-5F3D-4C48-AD34-11D22707DAA0}
		{849751FA-256B-4B7B-83B7-E68655277710} = {391ACB75-5F3D-4C48-AD34-11D22707DAA0}
		{1E9DD8C4-C56E-4444-B56E-003AEFF7C31F} = {391ACB75-5F3D-4C48-AD34-11D22707DAA0}
		{18A079B6-356A-4F14-94F2-9805BC1E1324} = {391ACB75-5F3D-4C48-AD34-11D22707DAA0}
		{93CFC8B1-D2C9-40ED-B70A-6D4D5E83BFC1} = {391ACB75-5F3D-4C48-AD34-11D22707DAA0}
	EndGlobalSection
	GlobalSection(ExtensibilityGlobals) = postSolution
		SolutionGuid = {336CDF1D-B6B6-4941-9D8C-5F1E04C5C51F}
	EndGlobalSection
EndGlobal
