
Microsoft Visual Studio Solution File, Format Version 12.00
# Visual Studio Version 17
VisualStudioVersion = 17.5.33103.201
MinimumVisualStudioVersion = 10.0.40219.1
Project("{9A19103F-16F7-4668-BE54-9A1E7A4F7556}") = "MatrixDisplay", "MatrixDisplay\MatrixDisplay.csproj", "{87A2D6AA-7CAE-4263-9326-7FF0466EB096}"
EndProject
Project("{9A19103F-16F7-4668-BE54-9A1E7A4F7556}") = "MatrixDisplay.Abstractions", "MatrixDisplay.Abstractions\MatrixDisplay.Abstractions.csproj", "{139148DF-6320-4977-AAD2-E9CA91B6FA17}"
EndProject
Project("{9A19103F-16F7-4668-BE54-9A1E7A4F7556}") = "MatrixDisplay.Test", "MatrixDisplay.Test\MatrixDisplay.Test.csproj", "{D350F58F-CBEA-44CC-97B3-8F0DA339DEA1}"
EndProject
Project("{9A19103F-16F7-4668-BE54-9A1E7A4F7556}") = "MatrixDisplay.Emulator", "MatrixDisplay.Emulator\MatrixDisplay.Emulator.csproj", "{3B582B20-2728-4FB0-A4D7-E14DB0EDBF7B}"
EndProject
Project("{9A19103F-16F7-4668-BE54-9A1E7A4F7556}") = "MatrixDisplay.Board", "MatrixDisplay.Board\MatrixDisplay.Board.csproj", "{FF01EA32-5F85-4A16-948A-9AFFA94E81AB}"
EndProject
Project("{9A19103F-16F7-4668-BE54-9A1E7A4F7556}") = "MatrixDisplay.ColorGenerator", "MatrixDisplay.ColorGenerator\MatrixDisplay.ColorGenerator.csproj", "{0C9F3D36-7ECB-4A8E-87E2-96CB1776FDD3}"
EndProject
Project("{2150E333-8FDC-42A3-9474-1A3956D46DE8}") = "apps", "apps", "{391ACB75-5F3D-4C48-AD34-11D22707DAA0}"
EndProject
Project("{9A19103F-16F7-4668-BE54-9A1E7A4F7556}") = "MatrixDisplay.Apps.ColorCircle", "apps\MatrixDisplay.Apps.ColorCircle\MatrixDisplay.Apps.ColorCircle.csproj", "{169C72E6-ABE7-40E6-854E-BC6F1C2E2838}"
EndProject
Project("{9A19103F-16F7-4668-BE54-9A1E7A4F7556}") = "MatrixDisplay.Apps.Clock", "apps\MatrixDisplay.Apps.Clock\MatrixDisplay.Apps.Clock.csproj", "{CDD01666-5699-4EA3-B423-8FA17C8D09E6}"
EndProject
Project("{9A19103F-16F7-4668-BE54-9A1E7A4F7556}") = "MatrixDisplay.Apps.Firework", "apps\MatrixDisplay.Apps.Firework\MatrixDisplay.Apps.Firework.csproj", "{9C21474F-D790-4800-AE00-A6BDD6B21819}"
EndProject
Project("{9A19103F-16F7-4668-BE54-9A1E7A4F7556}") = "MatrixDisplay.Apps.PingPong", "apps\MatrixDisplay.Apps.PingPong\MatrixDisplay.Apps.PingPong.csproj", "{F018202B-A29B-4C26-8954-91BF4C3D549F}"
EndProject
Project("{9A19103F-16F7-4668-BE54-9A1E7A4F7556}") = "MatrixDisplay.Apps.Snake", "apps\MatrixDisplay.Apps.Snake\MatrixDisplay.Apps.Snake.csproj", "{849751FA-256B-4B7B-83B7-E68655277710}"
EndProject
Project("{9A19103F-16F7-4668-BE54-9A1E7A4F7556}") = "MatrixDisplay.Apps.SuperMario", "apps\MatrixDisplay.Apps.SuperMario\MatrixDisplay.Apps.SuperMario.csproj", "{1E9DD8C4-C56E-4444-B56E-003AEFF7C31F}"
EndProject
Project("{9A19103F-16F7-4668-BE54-9A1E7A4F7556}") = "MatrixDisplay.Apps.TicTacToe", "apps\MatrixDisplay.Apps.TicTacToe\MatrixDisplay.Apps.TicTacToe.csproj", "{18A079B6-356A-4F14-94F2-9805BC1E1324}"
EndProject
Project("{9A19103F-16F7-4668-BE54-9A1E7A4F7556}") = "MatrixDisplay.Apps.Tetris", "src\MatrixDisplay.Apps.Tetris\MatrixDisplay.Apps.Tetris.csproj", "{93CFC8B1-D2C9-40ED-B70A-6D4D5E83BFC1}"
EndProject
Project("{9A19103F-16F7-4668-BE54-9A1E7A4F7556}") = "MatrixDisplay.Apps.ScrollingText", "apps\MatrixDisplay.Apps.ScrollingText\MatrixDisplay.Apps.ScrollingText.csproj", "{7C882D39-1E40-4498-BA1A-1D8FB28F5A48}"
EndProject
Project("{9A19103F-16F7-4668-BE54-9A1E7A4F7556}") = "MatrixDisplay.Script", "MatrixDisplay.Script\MatrixDisplay.Script.csproj", "{2664F772-D0B8-410A-938C-20E23838B305}"
EndProject
Project("{9A19103F-16F7-4668-BE54-9A1E7A4F7556}") = "MatrixDisplay.Script.Runner", "MatrixDisplay.Script.Runner\MatrixDisplay.Script.Runner.csproj", "{66AB4DDF-A50C-4687-8513-D96DFF58F5DF}"
EndProject
Project("{9A19103F-16F7-4668-BE54-9A1E7A4F7556}") = "MatrixDisplay.Apps.ChristmasTree", "apps\MatrixDisplay.Apps.ChristmasTree\MatrixDisplay.Apps.ChristmasTree.csproj", "{74B479E5-D624-471C-9539-DB75EF244839}"
EndProject
Project("{9A19103F-16F7-4668-BE54-9A1E7A4F7556}") = "MatrixDisplay.Apps.Cinema", "apps\MatrixDisplay.Apps.Cinema\MatrixDisplay.Apps.Cinema.csproj", "{BF7D5241-7E7C-4B0C-84BE-58DC8852F1E3}"
EndProject
Project("{9A19103F-16F7-4668-BE54-9A1E7A4F7556}") = "MatrixDisplay.Apps.Cinema.Pack", "apps\MatrixDisplay.Apps.Cinema.Pack\MatrixDisplay.Apps.Cinema.Pack.csproj", "{254C7F65-A3C3-4E8F-9E09-4B2C2C15E35B}"
EndProject
Project("{FAE04EC0-301F-11D3-BF4B-00C04F79EFBC}") = "MatrixDisplay.Apps.BKLogo", "apps\MatrixDisplay.Apps.BKLogo\MatrixDisplay.Apps.BKLogo.csproj", "{09DB8292-4A0D-4660-A586-0E27A91D51FC}"
EndProject
Global
	GlobalSection(SolutionConfigurationPlatforms) = preSolution
		Debug|Any CPU = Debug|Any CPU
		Release|Any CPU = Release|Any CPU
	EndGlobalSection
	GlobalSection(ProjectConfigurationPlatforms) = postSolution
		{87A2D6AA-7CAE-4263-9326-7FF0466EB096}.Debug|Any CPU.ActiveCfg = Debug|Any CPU
		{87A2D6AA-7CAE-4263-9326-7FF0466EB096}.Debug|Any CPU.Build.0 = Debug|Any CPU
		{87A2D6AA-7CAE-4263-9326-7FF0466EB096}.Release|Any CPU.ActiveCfg = Release|Any CPU
		{87A2D6AA-7CAE-4263-9326-7FF0466EB096}.Release|Any CPU.Build.0 = Release|Any CPU
		{139148DF-6320-4977-AAD2-E9CA91B6FA17}.Debug|Any CPU.ActiveCfg = Debug|Any CPU
		{139148DF-6320-4977-AAD2-E9CA91B6FA17}.Debug|Any CPU.Build.0 = Debug|Any CPU
		{139148DF-6320-4977-AAD2-E9CA91B6FA17}.Release|Any CPU.ActiveCfg = Release|Any CPU
		{139148DF-6320-4977-AAD2-E9CA91B6FA17}.Release|Any CPU.Build.0 = Release|Any CPU
		{D350F58F-CBEA-44CC-97B3-8F0DA339DEA1}.Debug|Any CPU.ActiveCfg = Debug|Any CPU
		{D350F58F-CBEA-44CC-97B3-8F0DA339DEA1}.Debug|Any CPU.Build.0 = Debug|Any CPU
		{D350F58F-CBEA-44CC-97B3-8F0DA339DEA1}.Release|Any CPU.ActiveCfg = Release|Any CPU
		{D350F58F-CBEA-44CC-97B3-8F0DA339DEA1}.Release|Any CPU.Build.0 = Release|Any CPU
		{3B582B20-2728-4FB0-A4D7-E14DB0EDBF7B}.Debug|Any CPU.ActiveCfg = Debug|Any CPU
		{3B582B20-2728-4FB0-A4D7-E14DB0EDBF7B}.Debug|Any CPU.Build.0 = Debug|Any CPU
		{3B582B20-2728-4FB0-A4D7-E14DB0EDBF7B}.Release|Any CPU.ActiveCfg = Release|Any CPU
		{3B582B20-2728-4FB0-A4D7-E14DB0EDBF7B}.Release|Any CPU.Build.0 = Release|Any CPU
		{FF01EA32-5F85-4A16-948A-9AFFA94E81AB}.Debug|Any CPU.ActiveCfg = Debug|Any CPU
		{FF01EA32-5F85-4A16-948A-9AFFA94E81AB}.Debug|Any CPU.Build.0 = Debug|Any CPU
		{FF01EA32-5F85-4A16-948A-9AFFA94E81AB}.Release|Any CPU.ActiveCfg = Release|Any CPU
		{FF01EA32-5F85-4A16-948A-9AFFA94E81AB}.Release|Any CPU.Build.0 = Release|Any CPU
		{0C9F3D36-7ECB-4A8E-87E2-96CB1776FDD3}.Debug|Any CPU.ActiveCfg = Debug|Any CPU
		{0C9F3D36-7ECB-4A8E-87E2-96CB1776FDD3}.Debug|Any CPU.Build.0 = Debug|Any CPU
		{0C9F3D36-7ECB-4A8E-87E2-96CB1776FDD3}.Release|Any CPU.ActiveCfg = Release|Any CPU
		{0C9F3D36-7ECB-4A8E-87E2-96CB1776FDD3}.Release|Any CPU.Build.0 = Release|Any CPU
		{169C72E6-ABE7-40E6-854E-BC6F1C2E2838}.Debug|Any CPU.ActiveCfg = Debug|Any CPU
		{169C72E6-ABE7-40E6-854E-BC6F1C2E2838}.Debug|Any CPU.Build.0 = Debug|Any CPU
		{169C72E6-ABE7-40E6-854E-BC6F1C2E2838}.Release|Any CPU.ActiveCfg = Release|Any CPU
		{169C72E6-ABE7-40E6-854E-BC6F1C2E2838}.Release|Any CPU.Build.0 = Release|Any CPU
		{CDD01666-5699-4EA3-B423-8FA17C8D09E6}.Debug|Any CPU.ActiveCfg = Debug|Any CPU
		{CDD01666-5699-4EA3-B423-8FA17C8D09E6}.Debug|Any CPU.Build.0 = Debug|Any CPU
		{CDD01666-5699-4EA3-B423-8FA17C8D09E6}.Release|Any CPU.ActiveCfg = Release|Any CPU
		{CDD01666-5699-4EA3-B423-8FA17C8D09E6}.Release|Any CPU.Build.0 = Release|Any CPU
		{9C21474F-D790-4800-AE00-A6BDD6B21819}.Debug|Any CPU.ActiveCfg = Debug|Any CPU
		{9C21474F-D790-4800-AE00-A6BDD6B21819}.Debug|Any CPU.Build.0 = Debug|Any CPU
		{9C21474F-D790-4800-AE00-A6BDD6B21819}.Release|Any CPU.ActiveCfg = Release|Any CPU
		{9C21474F-D790-4800-AE00-A6BDD6B21819}.Release|Any CPU.Build.0 = Release|Any CPU
		{F018202B-A29B-4C26-8954-91BF4C3D549F}.Debug|Any CPU.ActiveCfg = Debug|Any CPU
		{F018202B-A29B-4C26-8954-91BF4C3D549F}.Debug|Any CPU.Build.0 = Debug|Any CPU
		{F018202B-A29B-4C26-8954-91BF4C3D549F}.Release|Any CPU.ActiveCfg = Release|Any CPU
		{F018202B-A29B-4C26-8954-91BF4C3D549F}.Release|Any CPU.Build.0 = Release|Any CPU
		{849751FA-256B-4B7B-83B7-E68655277710}.Debug|Any CPU.ActiveCfg = Debug|Any CPU
		{849751FA-256B-4B7B-83B7-E68655277710}.Debug|Any CPU.Build.0 = Debug|Any CPU
		{849751FA-256B-4B7B-83B7-E68655277710}.Release|Any CPU.ActiveCfg = Release|Any CPU
		{849751FA-256B-4B7B-83B7-E68655277710}.Release|Any CPU.Build.0 = Release|Any CPU
		{1E9DD8C4-C56E-4444-B56E-003AEFF7C31F}.Debug|Any CPU.ActiveCfg = Debug|Any CPU
		{1E9DD8C4-C56E-4444-B56E-003AEFF7C31F}.Debug|Any CPU.Build.0 = Debug|Any CPU
		{1E9DD8C4-C56E-4444-B56E-003AEFF7C31F}.Release|Any CPU.ActiveCfg = Release|Any CPU
		{1E9DD8C4-C56E-4444-B56E-003AEFF7C31F}.Release|Any CPU.Build.0 = Release|Any CPU
		{18A079B6-356A-4F14-94F2-9805BC1E1324}.Debug|Any CPU.ActiveCfg = Debug|Any CPU
		{18A079B6-356A-4F14-94F2-9805BC1E1324}.Debug|Any CPU.Build.0 = Debug|Any CPU
		{18A079B6-356A-4F14-94F2-9805BC1E1324}.Release|Any CPU.ActiveCfg = Release|Any CPU
		{18A079B6-356A-4F14-94F2-9805BC1E1324}.Release|Any CPU.Build.0 = Release|Any CPU
		{93CFC8B1-D2C9-40ED-B70A-6D4D5E83BFC1}.Debug|Any CPU.ActiveCfg = Debug|Any CPU
		{93CFC8B1-D2C9-40ED-B70A-6D4D5E83BFC1}.Debug|Any CPU.Build.0 = Debug|Any CPU
		{93CFC8B1-D2C9-40ED-B70A-6D4D5E83BFC1}.Release|Any CPU.ActiveCfg = Release|Any CPU
		{93CFC8B1-D2C9-40ED-B70A-6D4D5E83BFC1}.Release|Any CPU.Build.0 = Release|Any CPU
		{7C882D39-1E40-4498-BA1A-1D8FB28F5A48}.Debug|Any CPU.ActiveCfg = Debug|Any CPU
		{7C882D39-1E40-4498-BA1A-1D8FB28F5A48}.Debug|Any CPU.Build.0 = Debug|Any CPU
		{7C882D39-1E40-4498-BA1A-1D8FB28F5A48}.Release|Any CPU.ActiveCfg = Release|Any CPU
		{7C882D39-1E40-4498-BA1A-1D8FB28F5A48}.Release|Any CPU.Build.0 = Release|Any CPU
		{2664F772-D0B8-410A-938C-20E23838B305}.Debug|Any CPU.ActiveCfg = Debug|Any CPU
		{2664F772-D0B8-410A-938C-20E23838B305}.Debug|Any CPU.Build.0 = Debug|Any CPU
		{2664F772-D0B8-410A-938C-20E23838B305}.Release|Any CPU.ActiveCfg = Release|Any CPU
		{2664F772-D0B8-410A-938C-20E23838B305}.Release|Any CPU.Build.0 = Release|Any CPU
		{66AB4DDF-A50C-4687-8513-D96DFF58F5DF}.Debug|Any CPU.ActiveCfg = Debug|Any CPU
		{66AB4DDF-A50C-4687-8513-D96DFF58F5DF}.Debug|Any CPU.Build.0 = Debug|Any CPU
		{66AB4DDF-A50C-4687-8513-D96DFF58F5DF}.Release|Any CPU.ActiveCfg = Release|Any CPU
		{66AB4DDF-A50C-4687-8513-D96DFF58F5DF}.Release|Any CPU.Build.0 = Release|Any CPU
		{74B479E5-D624-471C-9539-DB75EF244839}.Debug|Any CPU.ActiveCfg = Debug|Any CPU
		{74B479E5-D624-471C-9539-DB75EF244839}.Debug|Any CPU.Build.0 = Debug|Any CPU
		{74B479E5-D624-471C-9539-DB75EF244839}.Release|Any CPU.ActiveCfg = Release|Any CPU
		{74B479E5-D624-471C-9539-DB75EF244839}.Release|Any CPU.Build.0 = Release|Any CPU
		{BF7D5241-7E7C-4B0C-84BE-58DC8852F1E3}.Debug|Any CPU.ActiveCfg = Debug|Any CPU
		{BF7D5241-7E7C-4B0C-84BE-58DC8852F1E3}.Debug|Any CPU.Build.0 = Debug|Any CPU
		{BF7D5241-7E7C-4B0C-84BE-58DC8852F1E3}.Release|Any CPU.ActiveCfg = Release|Any CPU
		{BF7D5241-7E7C-4B0C-84BE-58DC8852F1E3}.Release|Any CPU.Build.0 = Release|Any CPU
		{254C7F65-A3C3-4E8F-9E09-4B2C2C15E35B}.Debug|Any CPU.ActiveCfg = Debug|Any CPU
		{254C7F65-A3C3-4E8F-9E09-4B2C2C15E35B}.Debug|Any CPU.Build.0 = Debug|Any CPU
		{254C7F65-A3C3-4E8F-9E09-4B2C2C15E35B}.Release|Any CPU.ActiveCfg = Release|Any CPU
		{254C7F65-A3C3-4E8F-9E09-4B2C2C15E35B}.Release|Any CPU.Build.0 = Release|Any CPU
		{09DB8292-4A0D-4660-A586-0E27A91D51FC}.Debug|Any CPU.ActiveCfg = Debug|Any CPU
		{09DB8292-4A0D-4660-A586-0E27A91D51FC}.Debug|Any CPU.Build.0 = Debug|Any CPU
		{09DB8292-4A0D-4660-A586-0E27A91D51FC}.Release|Any CPU.ActiveCfg = Release|Any CPU
		{09DB8292-4A0D-4660-A586-0E27A91D51FC}.Release|Any CPU.Build.0 = Release|Any CPU
	EndGlobalSection
	GlobalSection(SolutionProperties) = preSolution
		HideSolutionNode = FALSE
	EndGlobalSection
	GlobalSection(NestedProjects) = preSolution
		{169C72E6-ABE7-40E6-854E-BC6F1C2E2838} = {391ACB75-5F3D-4C48-AD34-11D22707DAA0}
		{CDD01666-5699-4EA3-B423-8FA17C8D09E6} = {391ACB75-5F3D-4C48-AD34-11D22707DAA0}
		{9C21474F-D790-4800-AE00-A6BDD6B21819} = {391ACB75-5F3D-4C48-AD34-11D22707DAA0}
		{F018202B-A29B-4C26-8954-91BF4C3D549F} = {391ACB75-5F3D-4C48-AD34-11D22707DAA0}
		{849751FA-256B-4B7B-83B7-E68655277710} = {391ACB75-5F3D-4C48-AD34-11D22707DAA0}
		{1E9DD8C4-C56E-4444-B56E-003AEFF7C31F} = {391ACB75-5F3D-4C48-AD34-11D22707DAA0}
		{18A079B6-356A-4F14-94F2-9805BC1E1324} = {391ACB75-5F3D-4C48-AD34-11D22707DAA0}
		{93CFC8B1-D2C9-40ED-B70A-6D4D5E83BFC1} = {391ACB75-5F3D-4C48-AD34-11D22707DAA0}
		{7C882D39-1E40-4498-BA1A-1D8FB28F5A48} = {391ACB75-5F3D-4C48-AD34-11D22707DAA0}
		{74B479E5-D624-471C-9539-DB75EF244839} = {391ACB75-5F3D-4C48-AD34-11D22707DAA0}
		{BF7D5241-7E7C-4B0C-84BE-58DC8852F1E3} = {391ACB75-5F3D-4C48-AD34-11D22707DAA0}
		{254C7F65-A3C3-4E8F-9E09-4B2C2C15E35B} = {391ACB75-5F3D-4C48-AD34-11D22707DAA0}
		{09DB8292-4A0D-4660-A586-0E27A91D51FC} = {391ACB75-5F3D-4C48-AD34-11D22707DAA0}
	EndGlobalSection
	GlobalSection(ExtensibilityGlobals) = postSolution
		SolutionGuid = {336CDF1D-B6B6-4941-9D8C-5F1E04C5C51F}
	EndGlobalSection
EndGlobal
